# Generated by move; do not edit
# This file should be checked in.

[move]
version = 4

[pinned.testnet.Kiosk]
source = { git = "https://github.com/thounyy/apps.git", subdir = "kiosk", rev = "28cee1f8999844555ff18d5757fe45fa7889f04c" }
use_environment = "testnet"
manifest_digest = "CC15E09306E902854F6BDD9B90D21287DB7EC557173965E5355493A2783E25B3"
deps = { Sui = "Sui_1" }

[pinned.testnet.MoveStdlib]
source = { git = "https://github.com/MystenLabs/sui.git", subdir = "crates/sui-framework/packages/move-stdlib", rev = "563c15820b27dec9cbe75f826a3b6243ef44da1a" }
use_environment = "testnet"
manifest_digest = "C4FE4C91DE74CBF223B2E380AE40F592177D21870DC2D7EB6227D2D694E05363"
deps = {}

[pinned.testnet.MoveStdlib_1]
source = { git = "https://github.com/MystenLabs/sui.git", subdir = "crates/sui-framework/packages/move-stdlib", rev = "d4a0c80be6020093592b305853832e7b80c5e2f2" }
use_environment = "testnet"
manifest_digest = "C4FE4C91DE74CBF223B2E380AE40F592177D21870DC2D7EB6227D2D694E05363"
deps = {}

[pinned.testnet.Sui]
source = { git = "https://github.com/MystenLabs/sui.git", subdir = "crates/sui-framework/packages/sui-framework", rev = "563c15820b27dec9cbe75f826a3b6243ef44da1a" }
use_environment = "testnet"
manifest_digest = "7AFB66695545775FBFBB2D3078ADFD084244D5002392E837FDE21D9EA1C6D01C"
deps = { MoveStdlib = "MoveStdlib" }

[pinned.testnet.Sui_1]
source = { git = "https://github.com/MystenLabs/sui.git", subdir = "crates/sui-framework/packages/sui-framework", rev = "d4a0c80be6020093592b305853832e7b80c5e2f2" }
use_environment = "testnet"
manifest_digest = "7AFB66695545775FBFBB2D3078ADFD084244D5002392E837FDE21D9EA1C6D01C"
deps = { MoveStdlib = "MoveStdlib_1" }

[pinned.testnet.account_actions]
source = { root = true }
use_environment = "testnet"
manifest_digest = "D749E72B5E198C3F1DCEED277A2D93D6651991B370B9A1BF618D16A4B3DFEF58"
deps = { account_extensions = "account_extensions", account_protocol = "account_protocol", kiosk = "Kiosk", std = "MoveStdlib", sui = "Sui" }

[pinned.testnet.account_extensions]
source = { local = "../extensions" }
use_environment = "testnet"
manifest_digest = "5745706258F61D6CE210904B3E6AE87A73CE9D31A6F93BE4718C442529332A87"
deps = { std = "MoveStdlib", sui = "Sui" }

[pinned.testnet.account_protocol]
source = { local = "../protocol" }
use_environment = "testnet"
manifest_digest = "F0F39B5A34A71930787C35241E9EF174C13F90D05AD788049F4EBDB42A232986"
deps = { account_extensions = "account_extensions", std = "MoveStdlib", sui = "Sui" }
