# @generated by Move, please check-in and do not edit manually.

[move]
version = 3
manifest_digest = "F997A60B6E5BCF4B91A3C861DE07AE5AA8CCE50ECDFE8E9D7EC2FBB4B09781C7"
deps_digest = "F8BBB0CCB2491CA29A3DF03D6F92277A4F3574266507ACD77214D37ECA3F3082"
dependencies = [
  { id = "Sui", name = "Sui" },
]

[[move.package]]
id = "MoveStdlib"
source = { git = "https://github.com/MystenLabs/sui.git", rev = "testnet", subdir = "crates/sui-framework/packages/move-stdlib" }

[[move.package]]
id = "Sui"
source = { git = "https://github.com/MystenLabs/sui.git", rev = "testnet", subdir = "crates/sui-framework/packages/sui-framework" }

dependencies = [
  { id = "MoveStdlib", name = "MoveStdlib" },
]

[env]

[env.testnet]
chain-id = "4c78adac"
original-published-id = "0x87bee60d3ea6dc5b42e1074134373af27733fb3c5ebc3ac8e013901426d85d53"
latest-published-id = "0x87bee60d3ea6dc5b42e1074134373af27733fb3c5ebc3ac8e013901426d85d53"
published-version = "1"
